<?xml version="1.0" encoding="utf-8"?>
<Project ToolsVersion="4.0" xmlns="http://schemas.microsoft.com/developer/msbuild/2003">
  <ItemGroup>
    <Filter Include="Source Files">
      <UniqueIdentifier>{4FC737F1-C7A5-4376-A066-2A32D752A2FF}</UniqueIdentifier>
      <Extensions>cpp;c;cc;cxx;def;odl;idl;hpj;bat;asm;asmx</Extensions>
    </Filter>
    <Filter Include="Header Files">
      <UniqueIdentifier>{93995380-89BD-4b04-88EB-625FBE52EBFB}</UniqueIdentifier>
      <Extensions>h;hh;hpp;hxx;hm;inl;inc;ipp;xsd</Extensions>
    </Filter>
    <Filter Include="Resource Files">
      <UniqueIdentifier>{67DA6AB6-F800-4c08-8B7A-83BB121AAD01}</UniqueIdentifier>
      <Extensions>rc;ico;cur;bmp;dlg;rc2;rct;bin;rgs;gif;jpg;jpeg;jpe;resx;tiff;tif;png;wav;mfcribbon-ms</Extensions>
    </Filter>
  </ItemGroup>
  <ItemGroup>
    <ClInclude Include="Offline editor.h">
      <Filter>Header Files</Filter>
    </ClInclude>
    <ClInclude Include="Offline editorDlg.h">
      <Filter>Header Files</Filter>
    </ClInclude>
    <ClInclude Include="stdafx.h">
      <Filter>Header Files</Filter>
    </ClInclude>
    <ClInclude Include="targetver.h">
      <Filter>Header Files</Filter>
    </ClInclude>
    <ClInclude Include="Resource.h">
      <Filter>Header Files</Filter>
    </ClInclude>
    <ClInclude Include="ColorBox.h">
      <Filter>Header Files</Filter>
    </ClInclude>
    <ClInclude Include="AboutBox.h">
      <Filter>Header Files</Filter>
    </ClInclude>
    <ClInclude Include="PositionBox.h">
      <Filter>Header Files</Filter>
    </ClInclude>
    <ClInclude Include="BackgroundColor.h">
      <Filter>Header Files</Filter>
    </ClInclude>
    <ClInclude Include="SizeBox.h">
      <Filter>Header Files</Filter>
    </ClInclude>
    <ClInclude Include="TransparencyBox.h">
      <Filter>Header Files</Filter>
    </ClInclude>
    <ClInclude Include="ReflectionBox.h">
      <Filter>Header Files</Filter>
    </ClInclude>
    <ClInclude Include="AddSphere.h">
      <Filter>Header Files</Filter>
    </ClInclude>
    <ClInclude Include="DeleteAnimation.h">
      <Filter>Header Files</Filter>
    </ClInclude>
    <ClInclude Include="DeleteSphere.h">
      <Filter>Header Files</Filter>
    </ClInclude>
    <ClInclude Include="AddAnimation.h">
      <Filter>Header Files</Filter>
    </ClInclude>
    <ClInclude Include="Saved.h">
      <Filter>Header Files</Filter>
    </ClInclude>
    <ClInclude Include="Instructions.h">
      <Filter>Header Files</Filter>
    </ClInclude>
  </ItemGroup>
  <ItemGroup>
    <ClCompile Include="Offline editor.cpp">
      <Filter>Source Files</Filter>
    </ClCompile>
    <ClCompile Include="Offline editorDlg.cpp">
      <Filter>Source Files</Filter>
    </ClCompile>
    <ClCompile Include="stdafx.cpp">
      <Filter>Source Files</Filter>
    </ClCompile>
    <ClCompile Include="ColorBox.cpp">
      <Filter>Source Files</Filter>
    </ClCompile>
    <ClCompile Include="AboutBox.cpp">
      <Filter>Source Files</Filter>
    </ClCompile>
    <ClCompile Include="PositionBox.cpp">
      <Filter>Source Files</Filter>
    </ClCompile>
    <ClCompile Include="BackgroundColor.cpp">
      <Filter>Source Files</Filter>
    </ClCompile>
    <ClCompile Include="SizeBox.cpp">
      <Filter>Source Files</Filter>
    </ClCompile>
    <ClCompile Include="TransparencyBox.cpp">
      <Filter>Source Files</Filter>
    </ClCompile>
    <ClCompile Include="ReflectionBox.cpp">
      <Filter>Source Files</Filter>
    </ClCompile>
    <ClCompile Include="AddSphere.cpp">
      <Filter>Source Files</Filter>
    </ClCompile>
    <ClCompile Include="DeleteAnimation.cpp">
      <Filter>Source Files</Filter>
    </ClCompile>
    <ClCompile Include="DeleteSphere.cpp">
      <Filter>Source Files</Filter>
    </ClCompile>
    <ClCompile Include="AddAnimation.cpp">
      <Filter>Source Files</Filter>
    </ClCompile>
    <ClCompile Include="Saved.cpp">
      <Filter>Source Files</Filter>
    </ClCompile>
    <ClCompile Include="Instructions.cpp">
      <Filter>Source Files</Filter>
    </ClCompile>
  </ItemGroup>
  <ItemGroup>
    <ResourceCompile Include="Offlineeditor.rc">
      <Filter>Resource Files</Filter>
    </ResourceCompile>
  </ItemGroup>
  <ItemGroup>
    <None Include="res\Offlineeditor.rc2">
      <Filter>Resource Files</Filter>
    </None>
  </ItemGroup>
  <ItemGroup>
    <Image Include="res\Offline editor.ico">
      <Filter>Resource Files</Filter>
    </Image>
    <Image Include="res\icon1.ico">
      <Filter>Resource Files</Filter>
    </Image>
    <Image Include="res\Sphere.bmp">
      <Filter>Resource Files</Filter>
    </Image>
  </ItemGroup>
</Project>